// !$*UTF8*$!
{
	archiveVersion = 1;
	classes = {
	};
	objectVersion = 50;
	objects = {

/* Begin PBXBuildFile section */
		1857BEE325A6034F00B010BA /* Screenshot-main.jpeg in Resources */ = {isa = PBXBuildFile; fileRef = 1857BEDF25A6034F00B010BA /* Screenshot-main.jpeg */; };
		1857BEE425A6034F00B010BA /* Screenshot-defeat.jpeg in Resources */ = {isa = PBXBuildFile; fileRef = 1857BEE025A6034F00B010BA /* Screenshot-defeat.jpeg */; };
		1857BEE525A6034F00B010BA /* Screenshot-victory.jpeg in Resources */ = {isa = PBXBuildFile; fileRef = 1857BEE125A6034F00B010BA /* Screenshot-victory.jpeg */; };
		1857BEE625A6034F00B010BA /* Screenshot-draw.jpeg in Resources */ = {isa = PBXBuildFile; fileRef = 1857BEE225A6034F00B010BA /* Screenshot-draw.jpeg */; };
		1864AB5D25A4A2A500AE3A17 /* AppDelegate.swift in Sources */ = {isa = PBXBuildFile; fileRef = 1864AB5C25A4A2A500AE3A17 /* AppDelegate.swift */; };
		1864AB5F25A4A2A500AE3A17 /* SceneDelegate.swift in Sources */ = {isa = PBXBuildFile; fileRef = 1864AB5E25A4A2A500AE3A17 /* SceneDelegate.swift */; };
		1864AB6625A4A2A600AE3A17 /* Assets.xcassets in Resources */ = {isa = PBXBuildFile; fileRef = 1864AB6525A4A2A600AE3A17 /* Assets.xcassets */; };
		1864AB6925A4A2A600AE3A17 /* LaunchScreen.storyboard in Resources */ = {isa = PBXBuildFile; fileRef = 1864AB6725A4A2A600AE3A17 /* LaunchScreen.storyboard */; };
		1864AB7625A4A2FB00AE3A17 /* GameState.swift in Sources */ = {isa = PBXBuildFile; fileRef = 1864AB7525A4A2FB00AE3A17 /* GameState.swift */; };
		1864AB7925A4A30100AE3A17 /* Sign.swift in Sources */ = {isa = PBXBuildFile; fileRef = 1864AB7825A4A30100AE3A17 /* Sign.swift */; };
		1885AFE3281FFA2200E97DC5 /* SettingsViewController.swift in Sources */ = {isa = PBXBuildFile; fileRef = 1885AFE2281FFA2200E97DC5 /* SettingsViewController.swift */; };
		189C340E281C78C600D36AC3 /* UIColor+Extension.swift in Sources */ = {isa = PBXBuildFile; fileRef = 189C340D281C78C600D36AC3 /* UIColor+Extension.swift */; };
		189EFE3B25A4A526009428C0 /* GameViewController.swift in Sources */ = {isa = PBXBuildFile; fileRef = 189EFE3A25A4A526009428C0 /* GameViewController.swift */; };
		96DA8F77CAF7E07605953A09 /* libPods-Rock Paper Scissors.a in Frameworks */ = {isa = PBXBuildFile; fileRef = 181D27AF5D2C598073C8177C /* libPods-Rock Paper Scissors.a */; };
/* End PBXBuildFile section */

/* Begin PBXFileReference section */
		181D27AF5D2C598073C8177C /* libPods-Rock Paper Scissors.a */ = {isa = PBXFileReference; explicitFileType = archive.ar; includeInIndex = 0; path = "libPods-Rock Paper Scissors.a"; sourceTree = BUILT_PRODUCTS_DIR; };
		1857BEDF25A6034F00B010BA /* Screenshot-main.jpeg */ = {isa = PBXFileReference; lastKnownFileType = image.jpeg; path = "Screenshot-main.jpeg"; sourceTree = "<group>"; };
		1857BEE025A6034F00B010BA /* Screenshot-defeat.jpeg */ = {isa = PBXFileReference; lastKnownFileType = image.jpeg; path = "Screenshot-defeat.jpeg"; sourceTree = "<group>"; };
		1857BEE125A6034F00B010BA /* Screenshot-victory.jpeg */ = {isa = PBXFileReference; lastKnownFileType = image.jpeg; path = "Screenshot-victory.jpeg"; sourceTree = "<group>"; };
		1857BEE225A6034F00B010BA /* Screenshot-draw.jpeg */ = {isa = PBXFileReference; lastKnownFileType = image.jpeg; path = "Screenshot-draw.jpeg"; sourceTree = "<group>"; };
		1864AB5925A4A2A500AE3A17 /* Rock Paper Scissors.app */ = {isa = PBXFileReference; explicitFileType = wrapper.application; includeInIndex = 0; path = "Rock Paper Scissors.app"; sourceTree = BUILT_PRODUCTS_DIR; };
		1864AB5C25A4A2A500AE3A17 /* AppDelegate.swift */ = {isa = PBXFileReference; lastKnownFileType = sourcecode.swift; path = AppDelegate.swift; sourceTree = "<group>"; };
		1864AB5E25A4A2A500AE3A17 /* SceneDelegate.swift */ = {isa = PBXFileReference; lastKnownFileType = sourcecode.swift; path = SceneDelegate.swift; sourceTree = "<group>"; };
		1864AB6525A4A2A600AE3A17 /* Assets.xcassets */ = {isa = PBXFileReference; lastKnownFileType = folder.assetcatalog; path = Assets.xcassets; sourceTree = "<group>"; };
		1864AB6825A4A2A600AE3A17 /* Base */ = {isa = PBXFileReference; lastKnownFileType = file.storyboard; name = Base; path = Base.lproj/LaunchScreen.storyboard; sourceTree = "<group>"; };
		1864AB6A25A4A2A600AE3A17 /* Info.plist */ = {isa = PBXFileReference; lastKnownFileType = text.plist.xml; path = Info.plist; sourceTree = "<group>"; };
		1864AB7525A4A2FB00AE3A17 /* GameState.swift */ = {isa = PBXFileReference; fileEncoding = 4; lastKnownFileType = sourcecode.swift; path = GameState.swift; sourceTree = "<group>"; };
		1864AB7825A4A30100AE3A17 /* Sign.swift */ = {isa = PBXFileReference; fileEncoding = 4; lastKnownFileType = sourcecode.swift; path = Sign.swift; sourceTree = "<group>"; };
		1885AFE2281FFA2200E97DC5 /* SettingsViewController.swift */ = {isa = PBXFileReference; lastKnownFileType = sourcecode.swift; path = SettingsViewController.swift; sourceTree = "<group>"; };
		189C340D281C78C600D36AC3 /* UIColor+Extension.swift */ = {isa = PBXFileReference; fileEncoding = 4; lastKnownFileType = sourcecode.swift; path = "UIColor+Extension.swift"; sourceTree = "<group>"; };
		189EFE3A25A4A526009428C0 /* GameViewController.swift */ = {isa = PBXFileReference; lastKnownFileType = sourcecode.swift; path = GameViewController.swift; sourceTree = "<group>"; };
		746E6CE8FCDC4CD11DFF9EE8 /* Pods-Rock Paper Scissors.debug.xcconfig */ = {isa = PBXFileReference; includeInIndex = 1; lastKnownFileType = text.xcconfig; name = "Pods-Rock Paper Scissors.debug.xcconfig"; path = "Target Support Files/Pods-Rock Paper Scissors/Pods-Rock Paper Scissors.debug.xcconfig"; sourceTree = "<group>"; };
		7FF37028F00DE4E224AAC549 /* Pods-Rock Paper Scissors.release.xcconfig */ = {isa = PBXFileReference; includeInIndex = 1; lastKnownFileType = text.xcconfig; name = "Pods-Rock Paper Scissors.release.xcconfig"; path = "Target Support Files/Pods-Rock Paper Scissors/Pods-Rock Paper Scissors.release.xcconfig"; sourceTree = "<group>"; };
/* End PBXFileReference section */

/* Begin PBXFrameworksBuildPhase section */
		1864AB5625A4A2A500AE3A17 /* Frameworks */ = {
			isa = PBXFrameworksBuildPhase;
			buildActionMask = 2147483647;
			files = (
				96DA8F77CAF7E07605953A09 /* libPods-Rock Paper Scissors.a in Frameworks */,
			);
			runOnlyForDeploymentPostprocessing = 0;
		};
/* End PBXFrameworksBuildPhase section */

/* Begin PBXGroup section */
		1857BEDE25A6033C00B010BA /* Screenshot */ = {
			isa = PBXGroup;
			children = (
				1857BEE025A6034F00B010BA /* Screenshot-defeat.jpeg */,
				1857BEE225A6034F00B010BA /* Screenshot-draw.jpeg */,
				1857BEDF25A6034F00B010BA /* Screenshot-main.jpeg */,
				1857BEE125A6034F00B010BA /* Screenshot-victory.jpeg */,
			);
			path = Screenshot;
			sourceTree = "<group>";
		};
		1864AB5025A4A2A500AE3A17 = {
			isa = PBXGroup;
			children = (
				1864AB5B25A4A2A500AE3A17 /* Rock Paper Scissors */,
				1864AB5A25A4A2A500AE3A17 /* Products */,
				3DDF22FC2EF9DF881E3AD0FF /* Pods */,
				2B4E0D1382F036112F19CB1E /* Frameworks */,
			);
			sourceTree = "<group>";
		};
		1864AB5A25A4A2A500AE3A17 /* Products */ = {
			isa = PBXGroup;
			children = (
				1864AB5925A4A2A500AE3A17 /* Rock Paper Scissors.app */,
			);
			name = Products;
			sourceTree = "<group>";
		};
		1864AB5B25A4A2A500AE3A17 /* Rock Paper Scissors */ = {
			isa = PBXGroup;
			children = (
				18C6C315281C304100CA2B4D /* Common */,
				18C6C316281C305600CA2B4D /* Scene */,
				1864AB8325A4A39500AE3A17 /* Enums */,
				1857BEDE25A6033C00B010BA /* Screenshot */,
				1864AB6A25A4A2A600AE3A17 /* Info.plist */,
			);
			path = "Rock Paper Scissors";
			sourceTree = "<group>";
		};
		1864AB8325A4A39500AE3A17 /* Enums */ = {
			isa = PBXGroup;
			children = (
				1864AB7525A4A2FB00AE3A17 /* GameState.swift */,
				1864AB7825A4A30100AE3A17 /* Sign.swift */,
			);
			path = Enums;
			sourceTree = "<group>";
		};
		18C6C315281C304100CA2B4D /* Common */ = {
			isa = PBXGroup;
			children = (
				1864AB5C25A4A2A500AE3A17 /* AppDelegate.swift */,
				1864AB5E25A4A2A500AE3A17 /* SceneDelegate.swift */,
				1864AB6525A4A2A600AE3A17 /* Assets.xcassets */,
				1864AB6725A4A2A600AE3A17 /* LaunchScreen.storyboard */,
				189C340D281C78C600D36AC3 /* UIColor+Extension.swift */,
			);
			path = Common;
			sourceTree = "<group>";
		};
		18C6C316281C305600CA2B4D /* Scene */ = {
			isa = PBXGroup;
			children = (
				189EFE3A25A4A526009428C0 /* GameViewController.swift */,
				1885AFE2281FFA2200E97DC5 /* SettingsViewController.swift */,
			);
			path = Scene;
			sourceTree = "<group>";
		};
		2B4E0D1382F036112F19CB1E /* Frameworks */ = {
			isa = PBXGroup;
			children = (
				181D27AF5D2C598073C8177C /* libPods-Rock Paper Scissors.a */,
			);
			name = Frameworks;
			sourceTree = "<group>";
		};
		3DDF22FC2EF9DF881E3AD0FF /* Pods */ = {
			isa = PBXGroup;
			children = (
				746E6CE8FCDC4CD11DFF9EE8 /* Pods-Rock Paper Scissors.debug.xcconfig */,
				7FF37028F00DE4E224AAC549 /* Pods-Rock Paper Scissors.release.xcconfig */,
			);
			name = Pods;
			path = Pods;
			sourceTree = "<group>";
		};
/* End PBXGroup section */

/* Begin PBXNativeTarget section */
		1864AB5825A4A2A500AE3A17 /* Rock Paper Scissors */ = {
			isa = PBXNativeTarget;
			buildConfigurationList = 1864AB6D25A4A2A600AE3A17 /* Build configuration list for PBXNativeTarget "Rock Paper Scissors" */;
			buildPhases = (
				55755488C27F40B3CDEC9E2E /* [CP] Check Pods Manifest.lock */,
				1864AB5525A4A2A500AE3A17 /* Sources */,
				1864AB5625A4A2A500AE3A17 /* Frameworks */,
				1864AB5725A4A2A500AE3A17 /* Resources */,
			);
			buildRules = (
			);
			dependencies = (
			);
			name = "Rock Paper Scissors";
			productName = "Rock Paper Scissors";
			productReference = 1864AB5925A4A2A500AE3A17 /* Rock Paper Scissors.app */;
			productType = "com.apple.product-type.application";
		};
/* End PBXNativeTarget section */

/* Begin PBXProject section */
		1864AB5125A4A2A500AE3A17 /* Project object */ = {
			isa = PBXProject;
			attributes = {
				LastSwiftUpdateCheck = 1230;
				LastUpgradeCheck = 1230;
				TargetAttributes = {
					1864AB5825A4A2A500AE3A17 = {
						CreatedOnToolsVersion = 12.3;
					};
				};
			};
			buildConfigurationList = 1864AB5425A4A2A500AE3A17 /* Build configuration list for PBXProject "Rock Paper Scissors" */;
			compatibilityVersion = "Xcode 9.3";
			developmentRegion = en;
			hasScannedForEncodings = 0;
			knownRegions = (
				en,
				Base,
			);
			mainGroup = 1864AB5025A4A2A500AE3A17;
			productRefGroup = 1864AB5A25A4A2A500AE3A17 /* Products */;
			projectDirPath = "";
			projectRoot = "";
			targets = (
				1864AB5825A4A2A500AE3A17 /* Rock Paper Scissors */,
			);
		};
/* End PBXProject section */

/* Begin PBXResourcesBuildPhase section */
		1864AB5725A4A2A500AE3A17 /* Resources */ = {
			isa = PBXResourcesBuildPhase;
			buildActionMask = 2147483647;
			files = (
				1857BEE625A6034F00B010BA /* Screenshot-draw.jpeg in Resources */,
				1857BEE525A6034F00B010BA /* Screenshot-victory.jpeg in Resources */,
				1857BEE325A6034F00B010BA /* Screenshot-main.jpeg in Resources */,
				1857BEE425A6034F00B010BA /* Screenshot-defeat.jpeg in Resources */,
				1864AB6925A4A2A600AE3A17 /* LaunchScreen.storyboard in Resources */,
				1864AB6625A4A2A600AE3A17 /* Assets.xcassets in Resources */,
			);
			runOnlyForDeploymentPostprocessing = 0;
		};
/* End PBXResourcesBuildPhase section */

/* Begin PBXShellScriptBuildPhase section */
		55755488C27F40B3CDEC9E2E /* [CP] Check Pods Manifest.lock */ = {
			isa = PBXShellScriptBuildPhase;
			buildActionMask = 2147483647;
			files = (
			);
			inputFileListPaths = (
			);
			inputPaths = (
				"${PODS_PODFILE_DIR_PATH}/Podfile.lock",
				"${PODS_ROOT}/Manifest.lock",
			);
			name = "[CP] Check Pods Manifest.lock";
			outputFileListPaths = (
			);
			outputPaths = (
				"$(DERIVED_FILE_DIR)/Pods-Rock Paper Scissors-checkManifestLockResult.txt",
			);
			runOnlyForDeploymentPostprocessing = 0;
			shellPath = /bin/sh;
			shellScript = "diff \"${PODS_PODFILE_DIR_PATH}/Podfile.lock\" \"${PODS_ROOT}/Manifest.lock\" > /dev/null\nif [ $? != 0 ] ; then\n    # print error to STDERR\n    echo \"error: The sandbox is not in sync with the Podfile.lock. Run 'pod install' or update your CocoaPods installation.\" >&2\n    exit 1\nfi\n# This output is used by Xcode 'outputs' to avoid re-running this script phase.\necho \"SUCCESS\" > \"${SCRIPT_OUTPUT_FILE_0}\"\n";
			showEnvVarsInLog = 0;
		};
/* End PBXShellScriptBuildPhase section */

/* Begin PBXSourcesBuildPhase section */
		1864AB5525A4A2A500AE3A17 /* Sources */ = {
			isa = PBXSourcesBuildPhase;
			buildActionMask = 2147483647;
			files = (
				189EFE3B25A4A526009428C0 /* GameViewController.swift in Sources */,
				1864AB7625A4A2FB00AE3A17 /* GameState.swift in Sources */,
				1885AFE3281FFA2200E97DC5 /* SettingsViewController.swift in Sources */,
				1864AB7925A4A30100AE3A17 /* Sign.swift in Sources */,
				189C340E281C78C600D36AC3 /* UIColor+Extension.swift in Sources */,
				1864AB5D25A4A2A500AE3A17 /* AppDelegate.swift in Sources */,
				1864AB5F25A4A2A500AE3A17 /* SceneDelegate.swift in Sources */,
			);
			runOnlyForDeploymentPostprocessing = 0;
		};
/* End PBXSourcesBuildPhase section */

/* Begin PBXVariantGroup section */
		1864AB6725A4A2A600AE3A17 /* LaunchScreen.storyboard */ = {
			isa = PBXVariantGroup;
			children = (
				1864AB6825A4A2A600AE3A17 /* Base */,
			);
			name = LaunchScreen.storyboard;
			sourceTree = "<group>";
		};
/* End PBXVariantGroup section */

/* Begin XCBuildConfiguration section */
		1864AB6B25A4A2A600AE3A17 /* Debug */ = {
			isa = XCBuildConfiguration;
			buildSettings = {
				ALWAYS_SEARCH_USER_PATHS = NO;
				CLANG_ANALYZER_NONNULL = YES;
				CLANG_ANALYZER_NUMBER_OBJECT_CONVERSION = YES_AGGRESSIVE;
				CLANG_CXX_LANGUAGE_STANDARD = "gnu++14";
				CLANG_CXX_LIBRARY = "libc++";
				CLANG_ENABLE_MODULES = YES;
				CLANG_ENABLE_OBJC_ARC = YES;
				CLANG_ENABLE_OBJC_WEAK = YES;
				CLANG_WARN_BLOCK_CAPTURE_AUTORELEASING = YES;
				CLANG_WARN_BOOL_CONVERSION = YES;
				CLANG_WARN_COMMA = YES;
				CLANG_WARN_CONSTANT_CONVERSION = YES;
				CLANG_WARN_DEPRECATED_OBJC_IMPLEMENTATIONS = YES;
				CLANG_WARN_DIRECT_OBJC_ISA_USAGE = YES_ERROR;
				CLANG_WARN_DOCUMENTATION_COMMENTS = YES;
				CLANG_WARN_EMPTY_BODY = YES;
				CLANG_WARN_ENUM_CONVERSION = YES;
				CLANG_WARN_INFINITE_RECURSION = YES;
				CLANG_WARN_INT_CONVERSION = YES;
				CLANG_WARN_NON_LITERAL_NULL_CONVERSION = YES;
				CLANG_WARN_OBJC_IMPLICIT_RETAIN_SELF = YES;
				CLANG_WARN_OBJC_LITERAL_CONVERSION = YES;
				CLANG_WARN_OBJC_ROOT_CLASS = YES_ERROR;
				CLANG_WARN_QUOTED_INCLUDE_IN_FRAMEWORK_HEADER = YES;
				CLANG_WARN_RANGE_LOOP_ANALYSIS = YES;
				CLANG_WARN_STRICT_PROTOTYPES = YES;
				CLANG_WARN_SUSPICIOUS_MOVE = YES;
				CLANG_WARN_UNGUARDED_AVAILABILITY = YES_AGGRESSIVE;
				CLANG_WARN_UNREACHABLE_CODE = YES;
				CLANG_WARN__DUPLICATE_METHOD_MATCH = YES;
				COPY_PHASE_STRIP = NO;
				DEBUG_INFORMATION_FORMAT = dwarf;
				ENABLE_STRICT_OBJC_MSGSEND = YES;
				ENABLE_TESTABILITY = YES;
				GCC_C_LANGUAGE_STANDARD = gnu11;
				GCC_DYNAMIC_NO_PIC = NO;
				GCC_NO_COMMON_BLOCKS = YES;
				GCC_OPTIMIZATION_LEVEL = 0;
				GCC_PREPROCESSOR_DEFINITIONS = (
					"DEBUG=1",
					"$(inherited)",
				);
				GCC_WARN_64_TO_32_BIT_CONVERSION = YES;
				GCC_WARN_ABOUT_RETURN_TYPE = YES_ERROR;
				GCC_WARN_UNDECLARED_SELECTOR = YES;
				GCC_WARN_UNINITIALIZED_AUTOS = YES_AGGRESSIVE;
				GCC_WARN_UNUSED_FUNCTION = YES;
				GCC_WARN_UNUSED_VARIABLE = YES;
				IPHONEOS_DEPLOYMENT_TARGET = 14.3;
				MTL_ENABLE_DEBUG_INFO = INCLUDE_SOURCE;
				MTL_FAST_MATH = YES;
				ONLY_ACTIVE_ARCH = YES;
				SDKROOT = iphoneos;
				SWIFT_ACTIVE_COMPILATION_CONDITIONS = DEBUG;
				SWIFT_OPTIMIZATION_LEVEL = "-Onone";
			};
			name = Debug;
		};
		1864AB6C25A4A2A600AE3A17 /* Release */ = {
			isa = XCBuildConfiguration;
			buildSettings = {
				ALWAYS_SEARCH_USER_PATHS = NO;
				CLANG_ANALYZER_NONNULL = YES;
				CLANG_ANALYZER_NUMBER_OBJECT_CONVERSION = YES_AGGRESSIVE;
				CLANG_CXX_LANGUAGE_STANDARD = "gnu++14";
				CLANG_CXX_LIBRARY = "libc++";
				CLANG_ENABLE_MODULES = YES;
				CLANG_ENABLE_OBJC_ARC = YES;
				CLANG_ENABLE_OBJC_WEAK = YES;
				CLANG_WARN_BLOCK_CAPTURE_AUTORELEASING = YES;
				CLANG_WARN_BOOL_CONVERSION = YES;
				CLANG_WARN_COMMA = YES;
				CLANG_WARN_CONSTANT_CONVERSION = YES;
				CLANG_WARN_DEPRECATED_OBJC_IMPLEMENTATIONS = YES;
				CLANG_WARN_DIRECT_OBJC_ISA_USAGE = YES_ERROR;
				CLANG_WARN_DOCUMENTATION_COMMENTS = YES;
				CLANG_WARN_EMPTY_BODY = YES;
				CLANG_WARN_ENUM_CONVERSION = YES;
				CLANG_WARN_INFINITE_RECURSION = YES;
				CLANG_WARN_INT_CONVERSION = YES;
				CLANG_WARN_NON_LITERAL_NULL_CONVERSION = YES;
				CLANG_WARN_OBJC_IMPLICIT_RETAIN_SELF = YES;
				CLANG_WARN_OBJC_LITERAL_CONVERSION = YES;
				CLANG_WARN_OBJC_ROOT_CLASS = YES_ERROR;
				CLANG_WARN_QUOTED_INCLUDE_IN_FRAMEWORK_HEADER = YES;
				CLANG_WARN_RANGE_LOOP_ANALYSIS = YES;
				CLANG_WARN_STRICT_PROTOTYPES = YES;
				CLANG_WARN_SUSPICIOUS_MOVE = YES;
				CLANG_WARN_UNGUARDED_AVAILABILITY = YES_AGGRESSIVE;
				CLANG_WARN_UNREACHABLE_CODE = YES;
				CLANG_WARN__DUPLICATE_METHOD_MATCH = YES;
				COPY_PHASE_STRIP = NO;
				DEBUG_INFORMATION_FORMAT = "dwarf-with-dsym";
				ENABLE_NS_ASSERTIONS = NO;
				ENABLE_STRICT_OBJC_MSGSEND = YES;
				GCC_C_LANGUAGE_STANDARD = gnu11;
				GCC_NO_COMMON_BLOCKS = YES;
				GCC_WARN_64_TO_32_BIT_CONVERSION = YES;
				GCC_WARN_ABOUT_RETURN_TYPE = YES_ERROR;
				GCC_WARN_UNDECLARED_SELECTOR = YES;
				GCC_WARN_UNINITIALIZED_AUTOS = YES_AGGRESSIVE;
				GCC_WARN_UNUSED_FUNCTION = YES;
				GCC_WARN_UNUSED_VARIABLE = YES;
				IPHONEOS_DEPLOYMENT_TARGET = 14.3;
				MTL_ENABLE_DEBUG_INFO = NO;
				MTL_FAST_MATH = YES;
				SDKROOT = iphoneos;
				SWIFT_COMPILATION_MODE = wholemodule;
				SWIFT_OPTIMIZATION_LEVEL = "-O";
				VALIDATE_PRODUCT = YES;
			};
			name = Release;
		};
		1864AB6E25A4A2A600AE3A17 /* Debug */ = {
			isa = XCBuildConfiguration;
			baseConfigurationReference = 746E6CE8FCDC4CD11DFF9EE8 /* Pods-Rock Paper Scissors.debug.xcconfig */;
			buildSettings = {
				ASSETCATALOG_COMPILER_APPICON_NAME = AppIcon;
				ASSETCATALOG_COMPILER_GLOBAL_ACCENT_COLOR_NAME = AccentColor;
				CODE_SIGN_STYLE = Automatic;
				DEVELOPMENT_TEAM = BJFSMC5J9X;
				INFOPLIST_FILE = "Rock Paper Scissors/Info.plist";
				IPHONEOS_DEPLOYMENT_TARGET = 13.0;
				LD_RUNPATH_SEARCH_PATHS = (
					"$(inherited)",
					"@executable_path/Frameworks",
				);
				PRODUCT_BUNDLE_IDENTIFIER = "br.com.thonatas.Rock-Paper-Scissors";
				PRODUCT_NAME = "$(TARGET_NAME)";
				SWIFT_VERSION = 5.0;
				TARGETED_DEVICE_FAMILY = "1,2";
			};
			name = Debug;
		};
		1864AB6F25A4A2A600AE3A17 /* Release */ = {
			isa = XCBuildConfiguration;
			baseConfigurationReference = 7FF37028F00DE4E224AAC549 /* Pods-Rock Paper Scissors.release.xcconfig */;
			buildSettings = {
				ASSETCATALOG_COMPILER_APPICON_NAME = AppIcon;
				ASSETCATALOG_COMPILER_GLOBAL_ACCENT_COLOR_NAME = AccentColor;
				CODE_SIGN_STYLE = Automatic;
				DEVELOPMENT_TEAM = BJFSMC5J9X;
				INFOPLIST_FILE = "Rock Paper Scissors/Info.plist";
				IPHONEOS_DEPLOYMENT_TARGET = 13.0;
				LD_RUNPATH_SEARCH_PATHS = (
					"$(inherited)",
					"@executable_path/Frameworks",
				);
				PRODUCT_BUNDLE_IDENTIFIER = "br.com.thonatas.Rock-Paper-Scissors";
				PRODUCT_NAME = "$(TARGET_NAME)";
				SWIFT_VERSION = 5.0;
				TARGETED_DEVICE_FAMILY = "1,2";
			};
			name = Release;
		};
/* End XCBuildConfiguration section */

/* Begin XCConfigurationList section */
		1864AB5425A4A2A500AE3A17 /* Build configuration list for PBXProject "Rock Paper Scissors" */ = {
			isa = XCConfigurationList;
			buildConfigurations = (
				1864AB6B25A4A2A600AE3A17 /* Debug */,
				1864AB6C25A4A2A600AE3A17 /* Release */,
			);
			defaultConfigurationIsVisible = 0;
			defaultConfigurationName = Release;
		};
		1864AB6D25A4A2A600AE3A17 /* Build configuration list for PBXNativeTarget "Rock Paper Scissors" */ = {
			isa = XCConfigurationList;
			buildConfigurations = (
				1864AB6E25A4A2A600AE3A17 /* Debug */,
				1864AB6F25A4A2A600AE3A17 /* Release */,
			);
			defaultConfigurationIsVisible = 0;
			defaultConfigurationName = Release;
		};
/* End XCConfigurationList section */
	};
	rootObject = 1864AB5125A4A2A500AE3A17 /* Project object */;
}
